
Microsoft Visual Studio Solution File, Format Version 12.00
# Visual Studio Version 16
VisualStudioVersion = 16.0.28922.388
MinimumVisualStudioVersion = 10.0.40219.1
Project("{FAE04EC0-301F-11D3-BF4B-00C04F79EFBC}") = "IronPascal", "IronPascal.csproj", "{F2E967E4-B3CB-4AA8-A809-C6C7C3D2646A}"
EndProject
Project("{FAE04EC0-301F-11D3-BF4B-00C04F79EFBC}") = "IronPascalTests", "..\IronPascalTests\IronPascalTests.csproj", "{5A36FF23-74C6-4C35-B5F2-DF75CB8D7C42}"
EndProject
Global
	GlobalSection(SolutionConfigurationPlatforms) = preSolution
		Debug|Any CPU = Debug|Any CPU
		Release|Any CPU = Release|Any CPU
	EndGlobalSection
	GlobalSection(ProjectConfigurationPlatforms) = postSolution
		{F2E967E4-B3CB-4AA8-A809-C6C7C3D2646A}.Debug|Any CPU.ActiveCfg = Debug|Any CPU
		{F2E967E4-B3CB-4AA8-A809-C6C7C3D2646A}.Debug|Any CPU.Build.0 = Debug|Any CPU
		{F2E967E4-B3CB-4AA8-A809-C6C7C3D2646A}.Release|Any CPU.ActiveCfg = Release|Any CPU
		{F2E967E4-B3CB-4AA8-A809-C6C7C3D2646A}.Release|Any CPU.Build.0 = Release|Any CPU
		{5A36FF23-74C6-4C35-B5F2-DF75CB8D7C42}.Debug|Any CPU.ActiveCfg = Debug|Any CPU
		{5A36FF23-74C6-4C35-B5F2-DF75CB8D7C42}.Debug|Any CPU.Build.0 = Debug|Any CPU
		{5A36FF23-74C6-4C35-B5F2-DF75CB8D7C42}.Release|Any CPU.ActiveCfg = Release|Any CPU
		{5A36FF23-74C6-4C35-B5F2-DF75CB8D7C42}.Release|Any CPU.Build.0 = Release|Any CPU
	EndGlobalSection
	GlobalSection(SolutionProperties) = preSolution
		HideSolutionNode = FALSE
	EndGlobalSection
	GlobalSection(ExtensibilityGlobals) = postSolution
		SolutionGuid = {A6666016-5D1F-4AB6-941B-3B2F78972947}
	EndGlobalSection
EndGlobal
